// !$*UTF8*$!
{
	archiveVersion = 1;
	classes = {
	};
	objectVersion = 46;
	objects = {

/* Begin PBXBuildFile section */
		4242CE571A1BD8C5003FBC6B /* batStanding1.png in Resources */ = {isa = PBXBuildFile; fileRef = 4242CE551A1BD8C5003FBC6B /* batStanding1.png */; };
		4242CE581A1BD8C5003FBC6B /* batStanding2.png in Resources */ = {isa = PBXBuildFile; fileRef = 4242CE561A1BD8C5003FBC6B /* batStanding2.png */; };
		4242CE5A1A1BD8EF003FBC6B /* Bat.swift in Sources */ = {isa = PBXBuildFile; fileRef = 4242CE591A1BD8EF003FBC6B /* Bat.swift */; };
		4261170E1A09B0970098B840 /* caveWall.png in Resources */ = {isa = PBXBuildFile; fileRef = 4261170A1A09B0970098B840 /* caveWall.png */; };
		426117111A09B0970098B840 /* heroStanding1.png in Resources */ = {isa = PBXBuildFile; fileRef = 4261170D1A09B0970098B840 /* heroStanding1.png */; };
		426117131A09E8A20098B840 /* heroStanding2.png in Resources */ = {isa = PBXBuildFile; fileRef = 426117121A09E8A20098B840 /* heroStanding2.png */; };
		428910921A0AB70700D7381B /* Character.swift in Sources */ = {isa = PBXBuildFile; fileRef = 428910911A0AB70700D7381B /* Character.swift */; };
		428910941A0BC42300D7381B /* Hero.swift in Sources */ = {isa = PBXBuildFile; fileRef = 428910931A0BC42300D7381B /* Hero.swift */; };
		428910961A0BC4ED00D7381B /* Item.swift in Sources */ = {isa = PBXBuildFile; fileRef = 428910951A0BC4ED00D7381B /* Item.swift */; };
		428910991A0BEA6A00D7381B /* heroRunning1.png in Resources */ = {isa = PBXBuildFile; fileRef = 428910971A0BEA6A00D7381B /* heroRunning1.png */; };
		4289109A1A0BEA6A00D7381B /* heroRunning2.png in Resources */ = {isa = PBXBuildFile; fileRef = 428910981A0BEA6A00D7381B /* heroRunning2.png */; };
		4289109D1A0C075F00D7381B /* enemyRyanStanding1.png in Resources */ = {isa = PBXBuildFile; fileRef = 4289109B1A0C075F00D7381B /* enemyRyanStanding1.png */; };
		4289109E1A0C075F00D7381B /* enemyRyanStanding2.png in Resources */ = {isa = PBXBuildFile; fileRef = 4289109C1A0C075F00D7381B /* enemyRyanStanding2.png */; };
		42934DA81A1426B900020502 /* caveCeiling.png in Resources */ = {isa = PBXBuildFile; fileRef = 42934DA71A1426B900020502 /* caveCeiling.png */; };
		429DCF031A1FC4FF006D13EA /* Liberate.swift in Sources */ = {isa = PBXBuildFile; fileRef = 429DCF021A1FC4FF006D13EA /* Liberate.swift */; };
		42A133F01A1506AA008E003A /* caveWallDetails.png in Resources */ = {isa = PBXBuildFile; fileRef = 42A133EF1A1506AA008E003A /* caveWallDetails.png */; };
		42C1C44C1A11376F00E31CE5 /* MoveList.swift in Sources */ = {isa = PBXBuildFile; fileRef = 42C1C44B1A11376F00E31CE5 /* MoveList.swift */; };
		42C1C44E1A116C6300E31CE5 /* caveFloor.png in Resources */ = {isa = PBXBuildFile; fileRef = 42C1C44D1A116C6300E31CE5 /* caveFloor.png */; };
		42C1C4501A11796300E31CE5 /* Thug.swift in Sources */ = {isa = PBXBuildFile; fileRef = 42C1C44F1A11796300E31CE5 /* Thug.swift */; };
		42F59A2219FFF53C00C69F81 /* AppDelegate.swift in Sources */ = {isa = PBXBuildFile; fileRef = 42F59A2119FFF53C00C69F81 /* AppDelegate.swift */; };
		42F59A2619FFF53C00C69F81 /* GameScene.swift in Sources */ = {isa = PBXBuildFile; fileRef = 42F59A2519FFF53C00C69F81 /* GameScene.swift */; };
		42F59A2819FFF53C00C69F81 /* GameViewController.swift in Sources */ = {isa = PBXBuildFile; fileRef = 42F59A2719FFF53C00C69F81 /* GameViewController.swift */; };
		42F59A2B19FFF53C00C69F81 /* Main.storyboard in Resources */ = {isa = PBXBuildFile; fileRef = 42F59A2919FFF53C00C69F81 /* Main.storyboard */; };
		42F59A2D19FFF53C00C69F81 /* Images.xcassets in Resources */ = {isa = PBXBuildFile; fileRef = 42F59A2C19FFF53C00C69F81 /* Images.xcassets */; };
		42F59A3019FFF53C00C69F81 /* LaunchScreen.xib in Resources */ = {isa = PBXBuildFile; fileRef = 42F59A2E19FFF53C00C69F81 /* LaunchScreen.xib */; };
		42F59A3C19FFF53C00C69F81 /* LiberateTests.swift in Sources */ = {isa = PBXBuildFile; fileRef = 42F59A3B19FFF53C00C69F81 /* LiberateTests.swift */; };
		42FAB5701A1E5C4200CFC3F8 /* statsBackground.png in Resources */ = {isa = PBXBuildFile; fileRef = 42FAB56F1A1E5C4200CFC3F8 /* statsBackground.png */; };
/* End PBXBuildFile section */

/* Begin PBXContainerItemProxy section */
		42F59A3619FFF53C00C69F81 /* PBXContainerItemProxy */ = {
			isa = PBXContainerItemProxy;
			containerPortal = 42F59A1419FFF53C00C69F81 /* Project object */;
			proxyType = 1;
			remoteGlobalIDString = 42F59A1B19FFF53C00C69F81;
			remoteInfo = Liberate;
		};
/* End PBXContainerItemProxy section */

/* Begin PBXFileReference section */
		4242CE551A1BD8C5003FBC6B /* batStanding1.png */ = {isa = PBXFileReference; lastKnownFileType = image.png; name = batStanding1.png; path = Resources/Images/batStanding1.png; sourceTree = "<group>"; };
		4242CE561A1BD8C5003FBC6B /* batStanding2.png */ = {isa = PBXFileReference; lastKnownFileType = image.png; name = batStanding2.png; path = Resources/Images/batStanding2.png; sourceTree = "<group>"; };
		4242CE591A1BD8EF003FBC6B /* Bat.swift */ = {isa = PBXFileReference; fileEncoding = 4; lastKnownFileType = sourcecode.swift; path = Bat.swift; sourceTree = "<group>"; };
		4261170A1A09B0970098B840 /* caveWall.png */ = {isa = PBXFileReference; lastKnownFileType = image.png; name = caveWall.png; path = Resources/Images/caveWall.png; sourceTree = "<group>"; };
		4261170D1A09B0970098B840 /* heroStanding1.png */ = {isa = PBXFileReference; lastKnownFileType = image.png; name = heroStanding1.png; path = Resources/Images/heroStanding1.png; sourceTree = "<group>"; };
		426117121A09E8A20098B840 /* heroStanding2.png */ = {isa = PBXFileReference; lastKnownFileType = image.png; name = heroStanding2.png; path = Resources/Images/heroStanding2.png; sourceTree = "<group>"; };
		428910911A0AB70700D7381B /* Character.swift */ = {isa = PBXFileReference; fileEncoding = 4; lastKnownFileType = sourcecode.swift; path = Character.swift; sourceTree = "<group>"; };
		428910931A0BC42300D7381B /* Hero.swift */ = {isa = PBXFileReference; fileEncoding = 4; lastKnownFileType = sourcecode.swift; path = Hero.swift; sourceTree = "<group>"; };
		428910951A0BC4ED00D7381B /* Item.swift */ = {isa = PBXFileReference; fileEncoding = 4; lastKnownFileType = sourcecode.swift; path = Item.swift; sourceTree = "<group>"; };
		428910971A0BEA6A00D7381B /* heroRunning1.png */ = {isa = PBXFileReference; lastKnownFileType = image.png; name = heroRunning1.png; path = Resources/Images/heroRunning1.png; sourceTree = "<group>"; };
		428910981A0BEA6A00D7381B /* heroRunning2.png */ = {isa = PBXFileReference; lastKnownFileType = image.png; name = heroRunning2.png; path = Resources/Images/heroRunning2.png; sourceTree = "<group>"; };
		4289109B1A0C075F00D7381B /* enemyRyanStanding1.png */ = {isa = PBXFileReference; lastKnownFileType = image.png; name = enemyRyanStanding1.png; path = Resources/Images/enemyRyanStanding1.png; sourceTree = "<group>"; };
		4289109C1A0C075F00D7381B /* enemyRyanStanding2.png */ = {isa = PBXFileReference; lastKnownFileType = image.png; name = enemyRyanStanding2.png; path = Resources/Images/enemyRyanStanding2.png; sourceTree = "<group>"; };
		42934DA71A1426B900020502 /* caveCeiling.png */ = {isa = PBXFileReference; lastKnownFileType = image.png; name = caveCeiling.png; path = Resources/Images/caveCeiling.png; sourceTree = "<group>"; };
		429DCF021A1FC4FF006D13EA /* Liberate.swift */ = {isa = PBXFileReference; fileEncoding = 4; lastKnownFileType = sourcecode.swift; path = Liberate.swift; sourceTree = "<group>"; };
		42A133EF1A1506AA008E003A /* caveWallDetails.png */ = {isa = PBXFileReference; lastKnownFileType = image.png; name = caveWallDetails.png; path = Resources/Images/caveWallDetails.png; sourceTree = "<group>"; };
		42C1C44B1A11376F00E31CE5 /* MoveList.swift */ = {isa = PBXFileReference; fileEncoding = 4; lastKnownFileType = sourcecode.swift; path = MoveList.swift; sourceTree = "<group>"; };
		42C1C44D1A116C6300E31CE5 /* caveFloor.png */ = {isa = PBXFileReference; lastKnownFileType = image.png; name = caveFloor.png; path = Resources/Images/caveFloor.png; sourceTree = "<group>"; };
		42C1C44F1A11796300E31CE5 /* Thug.swift */ = {isa = PBXFileReference; fileEncoding = 4; lastKnownFileType = sourcecode.swift; path = Thug.swift; sourceTree = "<group>"; };
		42F59A1C19FFF53C00C69F81 /* Liberate.app */ = {isa = PBXFileReference; explicitFileType = wrapper.application; includeInIndex = 0; path = Liberate.app; sourceTree = BUILT_PRODUCTS_DIR; };
		42F59A2019FFF53C00C69F81 /* Info.plist */ = {isa = PBXFileReference; lastKnownFileType = text.plist.xml; path = Info.plist; sourceTree = "<group>"; };
		42F59A2119FFF53C00C69F81 /* AppDelegate.swift */ = {isa = PBXFileReference; lastKnownFileType = sourcecode.swift; path = AppDelegate.swift; sourceTree = "<group>"; };
		42F59A2519FFF53C00C69F81 /* GameScene.swift */ = {isa = PBXFileReference; lastKnownFileType = sourcecode.swift; path = GameScene.swift; sourceTree = "<group>"; };
		42F59A2719FFF53C00C69F81 /* GameViewController.swift */ = {isa = PBXFileReference; lastKnownFileType = sourcecode.swift; path = GameViewController.swift; sourceTree = "<group>"; };
		42F59A2A19FFF53C00C69F81 /* Base */ = {isa = PBXFileReference; lastKnownFileType = file.storyboard; name = Base; path = Base.lproj/Main.storyboard; sourceTree = "<group>"; };
		42F59A2C19FFF53C00C69F81 /* Images.xcassets */ = {isa = PBXFileReference; lastKnownFileType = folder.assetcatalog; path = Images.xcassets; sourceTree = "<group>"; };
		42F59A2F19FFF53C00C69F81 /* Base */ = {isa = PBXFileReference; lastKnownFileType = file.xib; name = Base; path = Base.lproj/LaunchScreen.xib; sourceTree = "<group>"; };
		42F59A3519FFF53C00C69F81 /* LiberateTests.xctest */ = {isa = PBXFileReference; explicitFileType = wrapper.cfbundle; includeInIndex = 0; path = LiberateTests.xctest; sourceTree = BUILT_PRODUCTS_DIR; };
		42F59A3A19FFF53C00C69F81 /* Info.plist */ = {isa = PBXFileReference; lastKnownFileType = text.plist.xml; path = Info.plist; sourceTree = "<group>"; };
		42F59A3B19FFF53C00C69F81 /* LiberateTests.swift */ = {isa = PBXFileReference; lastKnownFileType = sourcecode.swift; path = LiberateTests.swift; sourceTree = "<group>"; };
		42FAB56F1A1E5C4200CFC3F8 /* statsBackground.png */ = {isa = PBXFileReference; lastKnownFileType = image.png; name = statsBackground.png; path = Resources/Images/statsBackground.png; sourceTree = "<group>"; };
/* End PBXFileReference section */

/* Begin PBXFrameworksBuildPhase section */
		42F59A1919FFF53C00C69F81 /* Frameworks */ = {
			isa = PBXFrameworksBuildPhase;
			buildActionMask = 2147483647;
			files = (
			);
			runOnlyForDeploymentPostprocessing = 0;
		};
		42F59A3219FFF53C00C69F81 /* Frameworks */ = {
			isa = PBXFrameworksBuildPhase;
			buildActionMask = 2147483647;
			files = (
			);
			runOnlyForDeploymentPostprocessing = 0;
		};
/* End PBXFrameworksBuildPhase section */

/* Begin PBXGroup section */
		426117091A09B07E0098B840 /* Images */ = {
			isa = PBXGroup;
			children = (
				42FAB56F1A1E5C4200CFC3F8 /* statsBackground.png */,
				4242CE551A1BD8C5003FBC6B /* batStanding1.png */,
				4242CE561A1BD8C5003FBC6B /* batStanding2.png */,
				42A133EF1A1506AA008E003A /* caveWallDetails.png */,
				42934DA71A1426B900020502 /* caveCeiling.png */,
				42C1C44D1A116C6300E31CE5 /* caveFloor.png */,
				4289109B1A0C075F00D7381B /* enemyRyanStanding1.png */,
				4289109C1A0C075F00D7381B /* enemyRyanStanding2.png */,
				428910971A0BEA6A00D7381B /* heroRunning1.png */,
				428910981A0BEA6A00D7381B /* heroRunning2.png */,
				426117121A09E8A20098B840 /* heroStanding2.png */,
				4261170A1A09B0970098B840 /* caveWall.png */,
				4261170D1A09B0970098B840 /* heroStanding1.png */,
			);
			name = Images;
			sourceTree = "<group>";
		};
		42F59A1319FFF53C00C69F81 = {
			isa = PBXGroup;
			children = (
				42F59A1E19FFF53C00C69F81 /* Liberate */,
				42F59A3819FFF53C00C69F81 /* LiberateTests */,
				42F59A1D19FFF53C00C69F81 /* Products */,
			);
			sourceTree = "<group>";
		};
		42F59A1D19FFF53C00C69F81 /* Products */ = {
			isa = PBXGroup;
			children = (
				42F59A1C19FFF53C00C69F81 /* Liberate.app */,
				42F59A3519FFF53C00C69F81 /* LiberateTests.xctest */,
			);
			name = Products;
			sourceTree = "<group>";
		};
		42F59A1E19FFF53C00C69F81 /* Liberate */ = {
			isa = PBXGroup;
			children = (
				42F59A2119FFF53C00C69F81 /* AppDelegate.swift */,
				42F59A2519FFF53C00C69F81 /* GameScene.swift */,
				42F59A2719FFF53C00C69F81 /* GameViewController.swift */,
				429DCF021A1FC4FF006D13EA /* Liberate.swift */,
				428910911A0AB70700D7381B /* Character.swift */,
				428910951A0BC4ED00D7381B /* Item.swift */,
				428910931A0BC42300D7381B /* Hero.swift */,
				42C1C44F1A11796300E31CE5 /* Thug.swift */,
				4242CE591A1BD8EF003FBC6B /* Bat.swift */,
				42C1C44B1A11376F00E31CE5 /* MoveList.swift */,
				42F59A2919FFF53C00C69F81 /* Main.storyboard */,
				42F59A2C19FFF53C00C69F81 /* Images.xcassets */,
				42F59A2E19FFF53C00C69F81 /* LaunchScreen.xib */,
				42F59A1F19FFF53C00C69F81 /* Supporting Files */,
			);
			path = Liberate;
			sourceTree = "<group>";
		};
		42F59A1F19FFF53C00C69F81 /* Supporting Files */ = {
			isa = PBXGroup;
			children = (
				426117091A09B07E0098B840 /* Images */,
				42F59A2019FFF53C00C69F81 /* Info.plist */,
			);
			name = "Supporting Files";
			sourceTree = "<group>";
		};
		42F59A3819FFF53C00C69F81 /* LiberateTests */ = {
			isa = PBXGroup;
			children = (
				42F59A3B19FFF53C00C69F81 /* LiberateTests.swift */,
				42F59A3919FFF53C00C69F81 /* Supporting Files */,
			);
			path = LiberateTests;
			sourceTree = "<group>";
		};
		42F59A3919FFF53C00C69F81 /* Supporting Files */ = {
			isa = PBXGroup;
			children = (
				42F59A3A19FFF53C00C69F81 /* Info.plist */,
			);
			name = "Supporting Files";
			sourceTree = "<group>";
		};
/* End PBXGroup section */

/* Begin PBXNativeTarget section */
		42F59A1B19FFF53C00C69F81 /* Liberate */ = {
			isa = PBXNativeTarget;
			buildConfigurationList = 42F59A3F19FFF53C00C69F81 /* Build configuration list for PBXNativeTarget "Liberate" */;
			buildPhases = (
				42F59A1819FFF53C00C69F81 /* Sources */,
				42F59A1919FFF53C00C69F81 /* Frameworks */,
				42F59A1A19FFF53C00C69F81 /* Resources */,
			);
			buildRules = (
			);
			dependencies = (
			);
			name = Liberate;
			productName = Liberate;
			productReference = 42F59A1C19FFF53C00C69F81 /* Liberate.app */;
			productType = "com.apple.product-type.application";
		};
		42F59A3419FFF53C00C69F81 /* LiberateTests */ = {
			isa = PBXNativeTarget;
			buildConfigurationList = 42F59A4219FFF53C00C69F81 /* Build configuration list for PBXNativeTarget "LiberateTests" */;
			buildPhases = (
				42F59A3119FFF53C00C69F81 /* Sources */,
				42F59A3219FFF53C00C69F81 /* Frameworks */,
				42F59A3319FFF53C00C69F81 /* Resources */,
			);
			buildRules = (
			);
			dependencies = (
				42F59A3719FFF53C00C69F81 /* PBXTargetDependency */,
			);
			name = LiberateTests;
			productName = LiberateTests;
			productReference = 42F59A3519FFF53C00C69F81 /* LiberateTests.xctest */;
			productType = "com.apple.product-type.bundle.unit-test";
		};
/* End PBXNativeTarget section */

/* Begin PBXProject section */
		42F59A1419FFF53C00C69F81 /* Project object */ = {
			isa = PBXProject;
			attributes = {
				LastUpgradeCheck = 0610;
				ORGANIZATIONNAME = "Joshua Pepperman";
				TargetAttributes = {
					42F59A1B19FFF53C00C69F81 = {
						CreatedOnToolsVersion = 6.1;
						DevelopmentTeam = 8XN73R294D;
					};
					42F59A3419FFF53C00C69F81 = {
						CreatedOnToolsVersion = 6.1;
						TestTargetID = 42F59A1B19FFF53C00C69F81;
					};
				};
			};
			buildConfigurationList = 42F59A1719FFF53C00C69F81 /* Build configuration list for PBXProject "Liberate" */;
			compatibilityVersion = "Xcode 3.2";
			developmentRegion = English;
			hasScannedForEncodings = 0;
			knownRegions = (
				en,
				Base,
			);
			mainGroup = 42F59A1319FFF53C00C69F81;
			productRefGroup = 42F59A1D19FFF53C00C69F81 /* Products */;
			projectDirPath = "";
			projectRoot = "";
			targets = (
				42F59A1B19FFF53C00C69F81 /* Liberate */,
				42F59A3419FFF53C00C69F81 /* LiberateTests */,
			);
		};
/* End PBXProject section */

/* Begin PBXResourcesBuildPhase section */
		42F59A1A19FFF53C00C69F81 /* Resources */ = {
			isa = PBXResourcesBuildPhase;
			buildActionMask = 2147483647;
			files = (
				4289109A1A0BEA6A00D7381B /* heroRunning2.png in Resources */,
				42F59A3019FFF53C00C69F81 /* LaunchScreen.xib in Resources */,
				4242CE581A1BD8C5003FBC6B /* batStanding2.png in Resources */,
				428910991A0BEA6A00D7381B /* heroRunning1.png in Resources */,
				4289109D1A0C075F00D7381B /* enemyRyanStanding1.png in Resources */,
				42FAB5701A1E5C4200CFC3F8 /* statsBackground.png in Resources */,
				42934DA81A1426B900020502 /* caveCeiling.png in Resources */,
				426117131A09E8A20098B840 /* heroStanding2.png in Resources */,
				4289109E1A0C075F00D7381B /* enemyRyanStanding2.png in Resources */,
				42F59A2D19FFF53C00C69F81 /* Images.xcassets in Resources */,
				4261170E1A09B0970098B840 /* caveWall.png in Resources */,
				426117111A09B0970098B840 /* heroStanding1.png in Resources */,
				42F59A2B19FFF53C00C69F81 /* Main.storyboard in Resources */,
				42A133F01A1506AA008E003A /* caveWallDetails.png in Resources */,
				42C1C44E1A116C6300E31CE5 /* caveFloor.png in Resources */,
				4242CE571A1BD8C5003FBC6B /* batStanding1.png in Resources */,
			);
			runOnlyForDeploymentPostprocessing = 0;
		};
		42F59A3319FFF53C00C69F81 /* Resources */ = {
			isa = PBXResourcesBuildPhase;
			buildActionMask = 2147483647;
			files = (
			);
			runOnlyForDeploymentPostprocessing = 0;
		};
/* End PBXResourcesBuildPhase section */

/* Begin PBXSourcesBuildPhase section */
		42F59A1819FFF53C00C69F81 /* Sources */ = {
			isa = PBXSourcesBuildPhase;
			buildActionMask = 2147483647;
			files = (
				428910941A0BC42300D7381B /* Hero.swift in Sources */,
				429DCF031A1FC4FF006D13EA /* Liberate.swift in Sources */,
				42F59A2619FFF53C00C69F81 /* GameScene.swift in Sources */,
				42C1C44C1A11376F00E31CE5 /* MoveList.swift in Sources */,
				42F59A2819FFF53C00C69F81 /* GameViewController.swift in Sources */,
				42F59A2219FFF53C00C69F81 /* AppDelegate.swift in Sources */,
				42C1C4501A11796300E31CE5 /* Thug.swift in Sources */,
				428910961A0BC4ED00D7381B /* Item.swift in Sources */,
				4242CE5A1A1BD8EF003FBC6B /* Bat.swift in Sources */,
				428910921A0AB70700D7381B /* Character.swift in Sources */,
			);
			runOnlyForDeploymentPostprocessing = 0;
		};
		42F59A3119FFF53C00C69F81 /* Sources */ = {
			isa = PBXSourcesBuildPhase;
			buildActionMask = 2147483647;
			files = (
				42F59A3C19FFF53C00C69F81 /* LiberateTests.swift in Sources */,
			);
			runOnlyForDeploymentPostprocessing = 0;
		};
/* End PBXSourcesBuildPhase section */

/* Begin PBXTargetDependency section */
		42F59A3719FFF53C00C69F81 /* PBXTargetDependency */ = {
			isa = PBXTargetDependency;
			target = 42F59A1B19FFF53C00C69F81 /* Liberate */;
			targetProxy = 42F59A3619FFF53C00C69F81 /* PBXContainerItemProxy */;
		};
/* End PBXTargetDependency section */

/* Begin PBXVariantGroup section */
		42F59A2919FFF53C00C69F81 /* Main.storyboard */ = {
			isa = PBXVariantGroup;
			children = (
				42F59A2A19FFF53C00C69F81 /* Base */,
			);
			name = Main.storyboard;
			sourceTree = "<group>";
		};
		42F59A2E19FFF53C00C69F81 /* LaunchScreen.xib */ = {
			isa = PBXVariantGroup;
			children = (
				42F59A2F19FFF53C00C69F81 /* Base */,
			);
			name = LaunchScreen.xib;
			sourceTree = "<group>";
		};
/* End PBXVariantGroup section */

/* Begin XCBuildConfiguration section */
		42F59A3D19FFF53C00C69F81 /* Debug */ = {
			isa = XCBuildConfiguration;
			buildSettings = {
				ALWAYS_SEARCH_USER_PATHS = NO;
				CLANG_CXX_LANGUAGE_STANDARD = "gnu++0x";
				CLANG_CXX_LIBRARY = "libc++";
				CLANG_ENABLE_MODULES = YES;
				CLANG_ENABLE_OBJC_ARC = YES;
				CLANG_WARN_BOOL_CONVERSION = YES;
				CLANG_WARN_CONSTANT_CONVERSION = YES;
				CLANG_WARN_DIRECT_OBJC_ISA_USAGE = YES_ERROR;
				CLANG_WARN_EMPTY_BODY = YES;
				CLANG_WARN_ENUM_CONVERSION = YES;
				CLANG_WARN_INT_CONVERSION = YES;
				CLANG_WARN_OBJC_ROOT_CLASS = YES_ERROR;
				CLANG_WARN_UNREACHABLE_CODE = YES;
				CLANG_WARN__DUPLICATE_METHOD_MATCH = YES;
				"CODE_SIGN_IDENTITY[sdk=iphoneos*]" = "iPhone Developer";
				COPY_PHASE_STRIP = NO;
				ENABLE_STRICT_OBJC_MSGSEND = YES;
				GCC_C_LANGUAGE_STANDARD = gnu99;
				GCC_DYNAMIC_NO_PIC = NO;
				GCC_OPTIMIZATION_LEVEL = 0;
				GCC_PREPROCESSOR_DEFINITIONS = (
					"DEBUG=1",
					"$(inherited)",
				);
				GCC_SYMBOLS_PRIVATE_EXTERN = NO;
				GCC_WARN_64_TO_32_BIT_CONVERSION = YES;
				GCC_WARN_ABOUT_RETURN_TYPE = YES_ERROR;
				GCC_WARN_UNDECLARED_SELECTOR = YES;
				GCC_WARN_UNINITIALIZED_AUTOS = YES_AGGRESSIVE;
				GCC_WARN_UNUSED_FUNCTION = YES;
				GCC_WARN_UNUSED_VARIABLE = YES;
				IPHONEOS_DEPLOYMENT_TARGET = 8.1;
				MTL_ENABLE_DEBUG_INFO = YES;
				ONLY_ACTIVE_ARCH = YES;
				SDKROOT = iphoneos;
				SWIFT_OPTIMIZATION_LEVEL = "-Onone";
			};
			name = Debug;
		};
		42F59A3E19FFF53C00C69F81 /* Release */ = {
			isa = XCBuildConfiguration;
			buildSettings = {
				ALWAYS_SEARCH_USER_PATHS = NO;
				CLANG_CXX_LANGUAGE_STANDARD = "gnu++0x";
				CLANG_CXX_LIBRARY = "libc++";
				CLANG_ENABLE_MODULES = YES;
				CLANG_ENABLE_OBJC_ARC = YES;
				CLANG_WARN_BOOL_CONVERSION = YES;
				CLANG_WARN_CONSTANT_CONVERSION = YES;
				CLANG_WARN_DIRECT_OBJC_ISA_USAGE = YES_ERROR;
				CLANG_WARN_EMPTY_BODY = YES;
				CLANG_WARN_ENUM_CONVERSION = YES;
				CLANG_WARN_INT_CONVERSION = YES;
				CLANG_WARN_OBJC_ROOT_CLASS = YES_ERROR;
				CLANG_WARN_UNREACHABLE_CODE = YES;
				CLANG_WARN__DUPLICATE_METHOD_MATCH = YES;
				"CODE_SIGN_IDENTITY[sdk=iphoneos*]" = "iPhone Developer";
				COPY_PHASE_STRIP = YES;
				ENABLE_NS_ASSERTIONS = NO;
				ENABLE_STRICT_OBJC_MSGSEND = YES;
				GCC_C_LANGUAGE_STANDARD = gnu99;
				GCC_WARN_64_TO_32_BIT_CONVERSION = YES;
				GCC_WARN_ABOUT_RETURN_TYPE = YES_ERROR;
				GCC_WARN_UNDECLARED_SELECTOR = YES;
				GCC_WARN_UNINITIALIZED_AUTOS = YES_AGGRESSIVE;
				GCC_WARN_UNUSED_FUNCTION = YES;
				GCC_WARN_UNUSED_VARIABLE = YES;
				IPHONEOS_DEPLOYMENT_TARGET = 8.1;
				MTL_ENABLE_DEBUG_INFO = NO;
				SDKROOT = iphoneos;
				VALIDATE_PRODUCT = YES;
			};
			name = Release;
		};
		42F59A4019FFF53C00C69F81 /* Debug */ = {
			isa = XCBuildConfiguration;
			buildSettings = {
				ASSETCATALOG_COMPILER_APPICON_NAME = AppIcon;
				INFOPLIST_FILE = Liberate/Info.plist;
				IPHONEOS_DEPLOYMENT_TARGET = 8.0;
				LD_RUNPATH_SEARCH_PATHS = "$(inherited) @executable_path/Frameworks";
				PRODUCT_NAME = "$(TARGET_NAME)";
			};
			name = Debug;
		};
		42F59A4119FFF53C00C69F81 /* Release */ = {
			isa = XCBuildConfiguration;
			buildSettings = {
				ASSETCATALOG_COMPILER_APPICON_NAME = AppIcon;
				INFOPLIST_FILE = Liberate/Info.plist;
				IPHONEOS_DEPLOYMENT_TARGET = 8.0;
				LD_RUNPATH_SEARCH_PATHS = "$(inherited) @executable_path/Frameworks";
				PRODUCT_NAME = "$(TARGET_NAME)";
			};
			name = Release;
		};
		42F59A4319FFF53C00C69F81 /* Debug */ = {
			isa = XCBuildConfiguration;
			buildSettings = {
				BUNDLE_LOADER = "$(TEST_HOST)";
				FRAMEWORK_SEARCH_PATHS = (
					"$(SDKROOT)/Developer/Library/Frameworks",
					"$(inherited)",
				);
				GCC_PREPROCESSOR_DEFINITIONS = (
					"DEBUG=1",
					"$(inherited)",
				);
				INFOPLIST_FILE = LiberateTests/Info.plist;
				LD_RUNPATH_SEARCH_PATHS = "$(inherited) @executable_path/Frameworks @loader_path/Frameworks";
				PRODUCT_NAME = "$(TARGET_NAME)";
				TEST_HOST = "$(BUILT_PRODUCTS_DIR)/Liberate.app/Liberate";
			};
			name = Debug;
		};
		42F59A4419FFF53C00C69F81 /* Release */ = {
			isa = XCBuildConfiguration;
			buildSettings = {
				BUNDLE_LOADER = "$(TEST_HOST)";
				FRAMEWORK_SEARCH_PATHS = (
					"$(SDKROOT)/Developer/Library/Frameworks",
					"$(inherited)",
				);
				INFOPLIST_FILE = LiberateTests/Info.plist;
				LD_RUNPATH_SEARCH_PATHS = "$(inherited) @executable_path/Frameworks @loader_path/Frameworks";
				PRODUCT_NAME = "$(TARGET_NAME)";
				TEST_HOST = "$(BUILT_PRODUCTS_DIR)/Liberate.app/Liberate";
			};
			name = Release;
		};
/* End XCBuildConfiguration section */

/* Begin XCConfigurationList section */
		42F59A1719FFF53C00C69F81 /* Build configuration list for PBXProject "Liberate" */ = {
			isa = XCConfigurationList;
			buildConfigurations = (
				42F59A3D19FFF53C00C69F81 /* Debug */,
				42F59A3E19FFF53C00C69F81 /* Release */,
			);
			defaultConfigurationIsVisible = 0;
			defaultConfigurationName = Release;
		};
		42F59A3F19FFF53C00C69F81 /* Build configuration list for PBXNativeTarget "Liberate" */ = {
			isa = XCConfigurationList;
			buildConfigurations = (
				42F59A4019FFF53C00C69F81 /* Debug */,
				42F59A4119FFF53C00C69F81 /* Release */,
			);
			defaultConfigurationIsVisible = 0;
			defaultConfigurationName = Release;
		};
		42F59A4219FFF53C00C69F81 /* Build configuration list for PBXNativeTarget "LiberateTests" */ = {
			isa = XCConfigurationList;
			buildConfigurations = (
				42F59A4319FFF53C00C69F81 /* Debug */,
				42F59A4419FFF53C00C69F81 /* Release */,
			);
			defaultConfigurationIsVisible = 0;
			defaultConfigurationName = Release;
		};
/* End XCConfigurationList section */
	};
	rootObject = 42F59A1419FFF53C00C69F81 /* Project object */;
}
